
Microsoft Visual Studio Solution File, Format Version 12.00
# Visual Studio Version 17
VisualStudioVersion = 17.9.34902.65
MinimumVisualStudioVersion = 10.0.40219.1
Project("{9A19103F-16F7-4668-BE54-9A1E7A4F7556}") = "CRUD_Imagen", "CRUD_Imagen.csproj", "{278822F1-8148-4410-9F28-A27BEE6ABE4D}"
EndProject
Global
	GlobalSection(SolutionConfigurationPlatforms) = preSolution
		Debug|Any CPU = Debug|Any CPU
		Release|Any CPU = Release|Any CPU
	EndGlobalSection
	GlobalSection(ProjectConfigurationPlatforms) = postSolution
		{278822F1-8148-4410-9F28-A27BEE6ABE4D}.Debug|Any CPU.ActiveCfg = Debug|Any CPU
		{278822F1-8148-4410-9F28-A27BEE6ABE4D}.Debug|Any CPU.Build.0 = Debug|Any CPU
		{278822F1-8148-4410-9F28-A27BEE6ABE4D}.Release|Any CPU.ActiveCfg = Release|Any CPU
		{278822F1-8148-4410-9F28-A27BEE6ABE4D}.Release|Any CPU.Build.0 = Release|Any CPU
	EndGlobalSection
	GlobalSection(SolutionProperties) = preSolution
		HideSolutionNode = FALSE
	EndGlobalSection
	GlobalSection(ExtensibilityGlobals) = postSolution
		SolutionGuid = {72312183-085B-454E-BF9B-A5D081846581}
	EndGlobalSection
EndGlobal
